{
  "name": "TheMostPopularSpot",
  "lockfileVersion": 3,
  "requires": true,
  "packages": {
    "": {
      "dependencies": {
        "@vkid/sdk": "^1.1.0"
      }
    },
    "node_modules/@vkid/sdk": {
      "version": "1.1.0",
      "resolved": "https://registry.npmjs.org/@vkid/sdk/-/sdk-1.1.0.tgz",
      "integrity": "sha512-D8rDQL2EznT1VZE54+q8bxhbuktxoLsNI5UUpO4U9wOQnXNXaNu/fyr0zK3Ip6oZIyRbob+NXntV1rCp90m8mg==",
      "dependencies": {
        "crypto-js": "^4.1.1"
      }
    },
    "node_modules/crypto-js": {
      "version": "4.2.0",
      "resolved": "https://registry.npmjs.org/crypto-js/-/crypto-js-4.2.0.tgz",
      "integrity": "sha512-KALDyEYgpY+Rlob/iriUtjV6d5Eq+Y191A5g4UqLAi8CyGP9N1+FdVbkc1SxKc2r4YAYqG8JzO2KGL+AizD70Q=="
    }
  }
}
