
Microsoft Visual Studio Solution File, Format Version 12.00
# Visual Studio Version 17
VisualStudioVersion = 17.7.34202.233
MinimumVisualStudioVersion = 10.0.40219.1
Project("{8BC9CEB8-8B4A-11D0-8D11-00A0C91BC942}") = "FindDots", "FindDots\FindDots.vcxproj", "{C406370D-79CC-40A7-BDE6-86D320ED0305}"
EndProject
Project("{8BC9CEB8-8B4A-11D0-8D11-00A0C91BC942}") = "FindDotsTests", "FindDotsTests\FindDotsTests.vcxproj", "{AAE83B03-DF4B-4543-A987-57C4E355A2AC}"
EndProject
Global
	GlobalSection(SolutionConfigurationPlatforms) = preSolution
		Debug|x64 = Debug|x64
		Debug|x86 = Debug|x86
		Release|x64 = Release|x64
		Release|x86 = Release|x86
	EndGlobalSection
	GlobalSection(ProjectConfigurationPlatforms) = postSolution
		{C406370D-79CC-40A7-BDE6-86D320ED0305}.Debug|x64.ActiveCfg = Debug|x64
		{C406370D-79CC-40A7-BDE6-86D320ED0305}.Debug|x64.Build.0 = Debug|x64
		{C406370D-79CC-40A7-BDE6-86D320ED0305}.Debug|x86.ActiveCfg = Debug|Win32
		{C406370D-79CC-40A7-BDE6-86D320ED0305}.Debug|x86.Build.0 = Debug|Win32
		{C406370D-79CC-40A7-BDE6-86D320ED0305}.Release|x64.ActiveCfg = Release|x64
		{C406370D-79CC-40A7-BDE6-86D320ED0305}.Release|x64.Build.0 = Release|x64
		{C406370D-79CC-40A7-BDE6-86D320ED0305}.Release|x86.ActiveCfg = Release|Win32
		{C406370D-79CC-40A7-BDE6-86D320ED0305}.Release|x86.Build.0 = Release|Win32
		{AAE83B03-DF4B-4543-A987-57C4E355A2AC}.Debug|x64.ActiveCfg = Debug|x64
		{AAE83B03-DF4B-4543-A987-57C4E355A2AC}.Debug|x64.Build.0 = Debug|x64
		{AAE83B03-DF4B-4543-A987-57C4E355A2AC}.Debug|x86.ActiveCfg = Debug|Win32
		{AAE83B03-DF4B-4543-A987-57C4E355A2AC}.Debug|x86.Build.0 = Debug|Win32
		{AAE83B03-DF4B-4543-A987-57C4E355A2AC}.Release|x64.ActiveCfg = Release|x64
		{AAE83B03-DF4B-4543-A987-57C4E355A2AC}.Release|x64.Build.0 = Release|x64
		{AAE83B03-DF4B-4543-A987-57C4E355A2AC}.Release|x86.ActiveCfg = Release|Win32
		{AAE83B03-DF4B-4543-A987-57C4E355A2AC}.Release|x86.Build.0 = Release|Win32
	EndGlobalSection
	GlobalSection(SolutionProperties) = preSolution
		HideSolutionNode = FALSE
	EndGlobalSection
	GlobalSection(ExtensibilityGlobals) = postSolution
		SolutionGuid = {5FBB5D63-B6FF-4F86-B95A-BB0E5C55518D}
	EndGlobalSection
EndGlobal
